
Microsoft Visual Studio Solution File, Format Version 12.00
# Visual Studio Version 17
VisualStudioVersion = 17.1.32228.430
MinimumVisualStudioVersion = 10.0.40219.1
Project("{FAE04EC0-301F-11D3-BF4B-00C04F79EFBC}") = "Employee Managenment System", "Employee Managenment System.csproj", "{367F265D-43AA-49A4-800E-798800039F0A}"
EndProject
Global
	GlobalSection(SolutionConfigurationPlatforms) = preSolution
		Debug|Any CPU = Debug|Any CPU
		Release|Any CPU = Release|Any CPU
	EndGlobalSection
	GlobalSection(ProjectConfigurationPlatforms) = postSolution
		{367F265D-43AA-49A4-800E-798800039F0A}.Debug|Any CPU.ActiveCfg = Debug|Any CPU
		{367F265D-43AA-49A4-800E-798800039F0A}.Debug|Any CPU.Build.0 = Debug|Any CPU
		{367F265D-43AA-49A4-800E-798800039F0A}.Release|Any CPU.ActiveCfg = Release|Any CPU
		{367F265D-43AA-49A4-800E-798800039F0A}.Release|Any CPU.Build.0 = Release|Any CPU
	EndGlobalSection
	GlobalSection(SolutionProperties) = preSolution
		HideSolutionNode = FALSE
	EndGlobalSection
	GlobalSection(ExtensibilityGlobals) = postSolution
		SolutionGuid = {F7441C94-47C9-4B59-B65A-CE7CB7751583}
	EndGlobalSection
EndGlobal
